
Microsoft Visual Studio Solution File, Format Version 12.00
# Visual Studio Version 17
VisualStudioVersion = 17.1.32407.343
MinimumVisualStudioVersion = 10.0.40219.1
Project("{FAE04EC0-301F-11D3-BF4B-00C04F79EFBC}") = "BookMyShowTask", "BookMyShowTask\BookMyShowTask.csproj", "{F9BFC706-2D27-46AF-8EDB-7A81889DFC26}"
EndProject
Global
	GlobalSection(SolutionConfigurationPlatforms) = preSolution
		Debug|Any CPU = Debug|Any CPU
		Release|Any CPU = Release|Any CPU
	EndGlobalSection
	GlobalSection(ProjectConfigurationPlatforms) = postSolution
		{F9BFC706-2D27-46AF-8EDB-7A81889DFC26}.Debug|Any CPU.ActiveCfg = Debug|Any CPU
		{F9BFC706-2D27-46AF-8EDB-7A81889DFC26}.Debug|Any CPU.Build.0 = Debug|Any CPU
		{F9BFC706-2D27-46AF-8EDB-7A81889DFC26}.Release|Any CPU.ActiveCfg = Release|Any CPU
		{F9BFC706-2D27-46AF-8EDB-7A81889DFC26}.Release|Any CPU.Build.0 = Release|Any CPU
	EndGlobalSection
	GlobalSection(SolutionProperties) = preSolution
		HideSolutionNode = FALSE
	EndGlobalSection
	GlobalSection(ExtensibilityGlobals) = postSolution
		SolutionGuid = {72E5BBAB-9FF7-45B6-8E0C-CB72C31073FA}
	EndGlobalSection
EndGlobal
